<?xml version="1.0" encoding="utf-8"?>
<Project ToolsVersion="4.0" xmlns="http://schemas.microsoft.com/developer/msbuild/2003">
  <ItemGroup>
    <ClCompile Include="main.cpp" />
    <ClCompile Include="ImGui\imgui.cpp">
      <Filter>Imgui</Filter>
    </ClCompile>
    <ClCompile Include="ImGui\imgui_draw.cpp">
      <Filter>Imgui</Filter>
    </ClCompile>
    <ClCompile Include="ImGui\imgui_impl_glfw.cpp">
      <Filter>Imgui</Filter>
    </ClCompile>
    <ClCompile Include="ImGui\imgui_impl_opengl3.cpp">
      <Filter>Imgui</Filter>
    </ClCompile>
    <ClCompile Include="ImGui\imgui_stdlib.cpp">
      <Filter>Imgui</Filter>
    </ClCompile>
    <ClCompile Include="ImGui\imgui_tables.cpp">
      <Filter>Imgui</Filter>
    </ClCompile>
    <ClCompile Include="ImGui\imgui_widgets.cpp">
      <Filter>Imgui</Filter>
    </ClCompile>
    <ClCompile Include="Score.cpp">
      <Filter>Score</Filter>
    </ClCompile>
    <ClCompile Include="ResourceManager.cpp">
      <Filter>IO</Filter>
    </ClCompile>
    <ClCompile Include="..\Depends\glad\src\glad.c" />
    <ClCompile Include="Application.cpp" />
    <ClCompile Include="OpenGlLoader.cpp" />
    <ClCompile Include="Utilities.cpp">
      <Filter>Misc</Filter>
    </ClCompile>
    <ClCompile Include="Note.cpp">
      <Filter>Score\Notes</Filter>
    </ClCompile>
    <ClCompile Include="Tempo.cpp">
      <Filter>Score</Filter>
    </ClCompile>
    <ClCompile Include="ScoreEditor.cpp">
      <Filter>ScoreEditor</Filter>
    </ClCompile>
    <ClCompile Include="Audio\AudioManager.cpp">
      <Filter>Audio</Filter>
    </ClCompile>
    <ClCompile Include="Stopwatch.cpp">
      <Filter>Misc</Filter>
    </ClCompile>
    <ClCompile Include="Rendering\Camera.cpp">
      <Filter>Rendering</Filter>
    </ClCompile>
    <ClCompile Include="Rendering\Renderer.cpp">
      <Filter>Rendering</Filter>
    </ClCompile>
    <ClCompile Include="Rendering\Shader.cpp">
      <Filter>Rendering</Filter>
    </ClCompile>
    <ClCompile Include="Rendering\VertexBuffer.cpp">
      <Filter>Rendering</Filter>
    </ClCompile>
    <ClCompile Include="UI.cpp">
      <Filter>UI</Filter>
    </ClCompile>
    <ClCompile Include="ApplicationConfiguration.cpp" />
    <ClCompile Include="Audio\Sound.cpp">
      <Filter>Audio</Filter>
    </ClCompile>
    <ClCompile Include="ScoreStats.cpp">
      <Filter>Score</Filter>
    </ClCompile>
    <ClCompile Include="ImGuiManager.cpp">
      <Filter>UI</Filter>
    </ClCompile>
    <ClCompile Include="Localization.cpp">
      <Filter>UI\i18n</Filter>
    </ClCompile>
    <ClCompile Include="Language.cpp">
      <Filter>UI\i18n</Filter>
    </ClCompile>
    <ClCompile Include="ImGui\imgui_demo.cpp">
      <Filter>Imgui</Filter>
    </ClCompile>
    <ClCompile Include="NotesPreset.cpp">
      <Filter>Presets</Filter>
    </ClCompile>
    <ClCompile Include="BinaryReader.cpp">
      <Filter>IO\File</Filter>
    </ClCompile>
    <ClCompile Include="BinaryWriter.cpp">
      <Filter>IO\File</Filter>
    </ClCompile>
    <ClCompile Include="File.cpp">
      <Filter>IO\File</Filter>
    </ClCompile>
    <ClCompile Include="Rendering\Texture.cpp">
      <Filter>Rendering\Texture</Filter>
    </ClCompile>
    <ClCompile Include="Rendering\Sprite.cpp">
      <Filter>Rendering\Texture</Filter>
    </ClCompile>
    <ClCompile Include="Rendering\Framebuffer.cpp">
      <Filter>Rendering\Texture</Filter>
    </ClCompile>
    <ClCompile Include="Jacket.cpp">
      <Filter>Graphics</Filter>
    </ClCompile>
    <ClCompile Include="Background.cpp">
      <Filter>Graphics</Filter>
    </ClCompile>
    <ClCompile Include="..\Depends\stb_vorbis\stb_vorbis.c">
      <Filter>Audio\Lib</Filter>
    </ClCompile>
    <ClCompile Include="SusParser.cpp">
      <Filter>Score\SUS</Filter>
    </ClCompile>
    <ClCompile Include="SusExporter.cpp">
      <Filter>Score\SUS</Filter>
    </ClCompile>
    <ClCompile Include="ScoreConverter.cpp">
      <Filter>Score</Filter>
    </ClCompile>
    <ClCompile Include="ScoreEditorWindows.cpp">
      <Filter>ScoreEditor</Filter>
    </ClCompile>
    <ClCompile Include="ScoreEditorTimeline.cpp">
      <Filter>ScoreEditor</Filter>
    </ClCompile>
    <ClCompile Include="ScoreContext.cpp">
      <Filter>ScoreEditor</Filter>
    </ClCompile>
    <ClCompile Include="HistoryManager.cpp">
      <Filter>ScoreEditor</Filter>
    </ClCompile>
    <ClCompile Include="JsonIO.cpp">
      <Filter>IO</Filter>
    </ClCompile>
    <ClCompile Include="InputBinding.cpp">
      <Filter>IO</Filter>
    </ClCompile>
    <ClCompile Include="Math.cpp">
      <Filter>Misc</Filter>
    </ClCompile>
    <ClCompile Include="IO.cpp">
      <Filter>IO</Filter>
    </ClCompile>
  </ItemGroup>
  <ItemGroup>
    <ClInclude Include="Application.h" />
    <ClInclude Include="ImGui\imconfig.h">
      <Filter>Imgui</Filter>
    </ClInclude>
    <ClInclude Include="ImGui\imgui.h">
      <Filter>Imgui</Filter>
    </ClInclude>
    <ClInclude Include="ImGui\imgui_impl_glfw.h">
      <Filter>Imgui</Filter>
    </ClInclude>
    <ClInclude Include="ImGui\imgui_impl_opengl3.h">
      <Filter>Imgui</Filter>
    </ClInclude>
    <ClInclude Include="ImGui\imgui_internal.h">
      <Filter>Imgui</Filter>
    </ClInclude>
    <ClInclude Include="ImGui\imgui_stdlib.h">
      <Filter>Imgui</Filter>
    </ClInclude>
    <ClInclude Include="ImGui\imstb_rectpack.h">
      <Filter>Imgui</Filter>
    </ClInclude>
    <ClInclude Include="ImGui\imstb_textedit.h">
      <Filter>Imgui</Filter>
    </ClInclude>
    <ClInclude Include="ImGui\imstb_truetype.h">
      <Filter>Imgui</Filter>
    </ClInclude>
    <ClInclude Include="Note.h">
      <Filter>Score\Notes</Filter>
    </ClInclude>
    <ClInclude Include="NoteTypes.h">
      <Filter>Score\Notes</Filter>
    </ClInclude>
    <ClInclude Include="Utilities.h">
      <Filter>Misc</Filter>
    </ClInclude>
    <ClInclude Include="Score.h">
      <Filter>Score</Filter>
    </ClInclude>
    <ClInclude Include="ResourceManager.h">
      <Filter>IO</Filter>
    </ClInclude>
    <ClInclude Include="Tempo.h">
      <Filter>Score</Filter>
    </ClInclude>
    <ClInclude Include="Constants.h" />
    <ClInclude Include="ScoreEditor.h">
      <Filter>ScoreEditor</Filter>
    </ClInclude>
    <ClInclude Include="Audio\AudioManager.h">
      <Filter>Audio</Filter>
    </ClInclude>
    <ClInclude Include="Stopwatch.h">
      <Filter>Misc</Filter>
    </ClInclude>
    <ClInclude Include="SUS.h">
      <Filter>Score\SUS</Filter>
    </ClInclude>
    <ClInclude Include="Rendering\Camera.h">
      <Filter>Rendering</Filter>
    </ClInclude>
    <ClInclude Include="Rendering\Renderer.h">
      <Filter>Rendering</Filter>
    </ClInclude>
    <ClInclude Include="Rendering\Shader.h">
      <Filter>Rendering</Filter>
    </ClInclude>
    <ClInclude Include="Rendering\VertexBuffer.h">
      <Filter>Rendering</Filter>
    </ClInclude>
    <ClInclude Include="Rendering\AnchorType.h">
      <Filter>Rendering</Filter>
    </ClInclude>
    <ClInclude Include="resource.h">
      <Filter>Resources</Filter>
    </ClInclude>
    <ClInclude Include="UI.h">
      <Filter>UI</Filter>
    </ClInclude>
    <ClInclude Include="ApplicationConfiguration.h" />
    <ClInclude Include="ScoreStats.h">
      <Filter>Score</Filter>
    </ClInclude>
    <ClInclude Include="Audio\Sound.h">
      <Filter>Audio</Filter>
    </ClInclude>
    <ClInclude Include="ImGuiManager.h">
      <Filter>UI</Filter>
    </ClInclude>
    <ClInclude Include="Language.h">
      <Filter>UI\i18n</Filter>
    </ClInclude>
    <ClInclude Include="Localization.h">
      <Filter>UI\i18n</Filter>
    </ClInclude>
    <ClInclude Include="DefaultLanguage.h">
      <Filter>UI\i18n</Filter>
    </ClInclude>
    <ClInclude Include="Colors.h">
      <Filter>UI</Filter>
    </ClInclude>
    <ClInclude Include="IconsFontAwesome5.h">
      <Filter>UI</Filter>
    </ClInclude>
    <ClInclude Include="NotesPreset.h">
      <Filter>Presets</Filter>
    </ClInclude>
    <ClInclude Include="BinaryReader.h">
      <Filter>IO\File</Filter>
    </ClInclude>
    <ClInclude Include="BinaryWriter.h">
      <Filter>IO\File</Filter>
    </ClInclude>
    <ClInclude Include="File.h">
      <Filter>IO\File</Filter>
    </ClInclude>
    <ClInclude Include="Rendering\Texture.h">
      <Filter>Rendering\Texture</Filter>
    </ClInclude>
    <ClInclude Include="Rendering\Sprite.h">
      <Filter>Rendering\Texture</Filter>
    </ClInclude>
    <ClInclude Include="Rendering\Framebuffer.h">
      <Filter>Rendering\Texture</Filter>
    </ClInclude>
    <ClInclude Include="Rendering\Vertex.h">
      <Filter>Rendering\Primitives</Filter>
    </ClInclude>
    <ClInclude Include="Rendering\Quad.h">
      <Filter>Rendering\Primitives</Filter>
    </ClInclude>
    <ClInclude Include="Jacket.h">
      <Filter>Graphics</Filter>
    </ClInclude>
    <ClInclude Include="Background.h">
      <Filter>Graphics</Filter>
    </ClInclude>
    <ClInclude Include="Audio\miniaudio.h">
      <Filter>Audio\Lib</Filter>
    </ClInclude>
    <ClInclude Include="SusParser.h">
      <Filter>Score\SUS</Filter>
    </ClInclude>
    <ClInclude Include="SusExporter.h">
      <Filter>Score\SUS</Filter>
    </ClInclude>
    <ClInclude Include="ScoreConverter.h">
      <Filter>Score</Filter>
    </ClInclude>
    <ClInclude Include="ScoreEditorWindows.h">
      <Filter>ScoreEditor</Filter>
    </ClInclude>
    <ClInclude Include="ScoreContext.h">
      <Filter>ScoreEditor</Filter>
    </ClInclude>
    <ClInclude Include="ScoreEditorTimeline.h">
      <Filter>ScoreEditor</Filter>
    </ClInclude>
    <ClInclude Include="HistoryManager.h">
      <Filter>ScoreEditor</Filter>
    </ClInclude>
    <ClInclude Include="JsonIO.h">
      <Filter>IO</Filter>
    </ClInclude>
    <ClInclude Include="InputBinding.h">
      <Filter>IO</Filter>
    </ClInclude>
    <ClInclude Include="Math.h">
      <Filter>Misc</Filter>
    </ClInclude>
    <ClInclude Include="TimelineMode.h">
      <Filter>ScoreEditor</Filter>
    </ClInclude>
    <ClInclude Include="IO.h">
      <Filter>IO</Filter>
    </ClInclude>
    <ClInclude Include="Audio\Waveform.h">
      <Filter>Audio</Filter>
    </ClInclude>
  </ItemGroup>
  <ItemGroup>
    <Filter Include="Imgui">
      <UniqueIdentifier>{5f869be1-f56e-434b-96dc-24a484a6636e}</UniqueIdentifier>
    </Filter>
    <Filter Include="Misc">
      <UniqueIdentifier>{0c4ff5d0-d352-4a81-91ac-37102b327cbd}</UniqueIdentifier>
    </Filter>
    <Filter Include="IO">
      <UniqueIdentifier>{634e33b6-413f-44c9-a40c-26f465607381}</UniqueIdentifier>
    </Filter>
    <Filter Include="Score">
      <UniqueIdentifier>{5e0e82e2-b78e-497f-96ad-ac8d7b8baefc}</UniqueIdentifier>
    </Filter>
    <Filter Include="Score\Notes">
      <UniqueIdentifier>{e98c2efa-9545-4859-8f61-46e311d17416}</UniqueIdentifier>
    </Filter>
    <Filter Include="Rendering">
      <UniqueIdentifier>{84bd1600-f676-4951-9eac-806c31068b2b}</UniqueIdentifier>
    </Filter>
    <Filter Include="Score\SUS">
      <UniqueIdentifier>{14ac77c3-608e-4655-a23c-8d69317ed7e5}</UniqueIdentifier>
    </Filter>
    <Filter Include="Resources">
      <UniqueIdentifier>{dbb50131-1f77-4fcf-a93f-8c0cfc9780cf}</UniqueIdentifier>
    </Filter>
    <Filter Include="UI">
      <UniqueIdentifier>{8e009620-e361-4d17-9cbb-0a7244bc35b5}</UniqueIdentifier>
    </Filter>
    <Filter Include="UI\i18n">
      <UniqueIdentifier>{9bc8aca5-08f3-4a55-be78-9a7c8f6fc65b}</UniqueIdentifier>
    </Filter>
    <Filter Include="IO\File">
      <UniqueIdentifier>{0b3ab42a-66f9-477f-84a2-7a2cb442c80c}</UniqueIdentifier>
    </Filter>
    <Filter Include="Rendering\Texture">
      <UniqueIdentifier>{fa5aded9-8a02-461c-86e9-77f2355cb811}</UniqueIdentifier>
    </Filter>
    <Filter Include="Rendering\Primitives">
      <UniqueIdentifier>{bc89c641-d508-4977-8b01-3886f0d25802}</UniqueIdentifier>
    </Filter>
    <Filter Include="Audio">
      <UniqueIdentifier>{5c331f6f-7245-4f01-b6f5-b8e331e5d12d}</UniqueIdentifier>
    </Filter>
    <Filter Include="Audio\Lib">
      <UniqueIdentifier>{85856c44-1a6c-4a5c-ba83-d119dc2aa064}</UniqueIdentifier>
    </Filter>
    <Filter Include="Graphics">
      <UniqueIdentifier>{63566ecb-df58-439e-89a0-c59239fb9ca5}</UniqueIdentifier>
    </Filter>
    <Filter Include="Presets">
      <UniqueIdentifier>{03d3aab7-fc71-443b-8a41-45df76e832fb}</UniqueIdentifier>
    </Filter>
    <Filter Include="ScoreEditor">
      <UniqueIdentifier>{9b7e5692-fc35-4f4c-9b06-172b56eed59d}</UniqueIdentifier>
    </Filter>
  </ItemGroup>
  <ItemGroup>
    <ResourceCompile Include="MikuMikuWorld.rc">
      <Filter>Resources</Filter>
    </ResourceCompile>
  </ItemGroup>
  <ItemGroup>
    <Image Include="mmw_icon.ico">
      <Filter>Resources</Filter>
    </Image>
  </ItemGroup>
</Project>